
Microsoft Visual Studio Solution File, Format Version 12.00
# Visual Studio 15
VisualStudioVersion = 15.0.28307.960
MinimumVisualStudioVersion = 10.0.40219.1
Project("{8BC9CEB8-8B4A-11D0-8D11-00A0C91BC942}") = "TouhouKeymap", "TouhouKeymap.vcxproj", "{ABCB5451-A015-4E77-A290-3DB485511E59}"
EndProject
Global
	GlobalSection(SolutionConfigurationPlatforms) = preSolution
		Debug|x86 = Debug|x86
		Release|x86 = Release|x86
	EndGlobalSection
	GlobalSection(ProjectConfigurationPlatforms) = postSolution
		{ABCB5451-A015-4E77-A290-3DB485511E59}.Debug|x86.ActiveCfg = Debug|Win32
		{ABCB5451-A015-4E77-A290-3DB485511E59}.Debug|x86.Build.0 = Debug|Win32
		{ABCB5451-A015-4E77-A290-3DB485511E59}.Release|x86.ActiveCfg = Release|Win32
		{ABCB5451-A015-4E77-A290-3DB485511E59}.Release|x86.Build.0 = Release|Win32
	EndGlobalSection
	GlobalSection(SolutionProperties) = preSolution
		HideSolutionNode = FALSE
	EndGlobalSection
	GlobalSection(ExtensibilityGlobals) = postSolution
		SolutionGuid = {12552ED6-0AAC-4E31-95B3-20E175D443EC}
	EndGlobalSection
EndGlobal
